
Microsoft Visual Studio Solution File, Format Version 12.00
# Visual Studio Version 16
VisualStudioVersion = 16.0.34031.81
MinimumVisualStudioVersion = 10.0.40219.1
Project("{2150E333-8FDC-42A3-9474-1A3956D46DE8}") = "Task0", "Task0", "{B0542134-1AC2-400D-A8C4-5D8D650FDE10}"
EndProject
Project("{FAE04EC0-301F-11D3-BF4B-00C04F79EFBC}") = "Tyuiu.ZhirenbaevaII.Sprint0.Task0.V0", "Tyuiu.ZhirenbaevaII.Sprint0.Task0.V0\Tyuiu.ZhirenbaevaII.Sprint0.Task0.V0.csproj", "{F12F6E57-6712-4412-98BE-58D0BFC0193C}"
EndProject
Project("{2150E333-8FDC-42A3-9474-1A3956D46DE8}") = "Task1", "Task1", "{C2C69192-25D6-4766-A693-273F4BC05A4B}"
EndProject
Project("{FAE04EC0-301F-11D3-BF4B-00C04F79EFBC}") = "Tyuiu.ZhirenbaevaII.Sprint0.Task1.V0", "Tyuiu.ZhirenbaevaII.Sprint0.Task1.V0\Tyuiu.ZhirenbaevaII.Sprint0.Task1.V0.csproj", "{EE308BC4-69AE-4515-9804-A78F1EBBF887}"
EndProject
Project("{2150E333-8FDC-42A3-9474-1A3956D46DE8}") = "Task2", "Task2", "{CDCB703A-18CA-49D0-812B-A22335C5B91D}"
EndProject
Project("{FAE04EC0-301F-11D3-BF4B-00C04F79EFBC}") = "Tyuiu.ZhirenbaevaII.Sprint0.Task2.V0", "Tyuiu.ZhirenbaevaII.Sprint0.Task2\Tyuiu.ZhirenbaevaII.Sprint0.Task2.V0.csproj", "{0316851A-4B76-46A4-98D2-95FCAB237DC5}"
EndProject
Project("{FAE04EC0-301F-11D3-BF4B-00C04F79EFBC}") = "Tyuiu.ZhirenbaevaII.Sprint0.Task2.V0.Lib", "Tyuiu.ZhirenbaevaII.Sprint0.Task2.V0.Lib\Tyuiu.ZhirenbaevaII.Sprint0.Task2.V0.Lib.csproj", "{922D479A-DC42-466C-B1A6-D4A1DDB97FCE}"
EndProject
Project("{FAE04EC0-301F-11D3-BF4B-00C04F79EFBC}") = "Tyuiu.ZhirenbaevaII.Sprint0.Task2.V0.Test", "Tyuiu.ZhirenbaevaII.Sprint0.Task2.V0.Test\Tyuiu.ZhirenbaevaII.Sprint0.Task2.V0.Test.csproj", "{985A6681-B208-45B6-ADBB-735B18802353}"
EndProject
Project("{2150E333-8FDC-42A3-9474-1A3956D46DE8}") = "Task3", "Task3", "{03D95E04-EA4B-4E46-8744-E7BB950FFA2C}"
EndProject
Project("{FAE04EC0-301F-11D3-BF4B-00C04F79EFBC}") = "Tyuiu.ZhirenbaevaII.Sprint0.Task3.V0.Lib", "Tyuiu.ZhirenbaevaII.Sprint0.Task3.V0.Lib\Tyuiu.ZhirenbaevaII.Sprint0.Task3.V0.Lib.csproj", "{60F3F29C-5327-42E5-8F28-D1E296DFD051}"
EndProject
Project("{FAE04EC0-301F-11D3-BF4B-00C04F79EFBC}") = "Tyuiu.ZhirenbaevaII.Sprint0.Task3.V0.Test", "Tyuiu.ZhirenbaevaII.Sprint0.Task3.V0.Test\Tyuiu.ZhirenbaevaII.Sprint0.Task3.V0.Test.csproj", "{306A4849-D8B1-4CFD-9F0D-BDFC2F2B60D3}"
EndProject
Project("{FAE04EC0-301F-11D3-BF4B-00C04F79EFBC}") = "Tyuiu.ZhirenbaevaII.Sprint0.Task3.V0", "Tyuiu.ZhirenbaevaII.Sprint0.Task3.V0\Tyuiu.ZhirenbaevaII.Sprint0.Task3.V0.csproj", "{E49BDEBA-7EF8-4523-B1D4-A5D21F4F9AA1}"
EndProject
Project("{2150E333-8FDC-42A3-9474-1A3956D46DE8}") = "Task4", "Task4", "{9FD2DE40-BCC7-4013-842B-ED894FAA4588}"
EndProject
Project("{FAE04EC0-301F-11D3-BF4B-00C04F79EFBC}") = "Tyuiu.ZhirenbaevaII.Sprint0.Task4.V0", "Tyuiu.ZhirenbaevaII.Sprint0.Task4.V0\Tyuiu.ZhirenbaevaII.Sprint0.Task4.V0.csproj", "{D8C70F52-F0BF-4B09-B50A-94E540C2DC56}"
EndProject
Project("{FAE04EC0-301F-11D3-BF4B-00C04F79EFBC}") = "Tyuiu.ZhirenbaevaII.Sprint0.Task4.V0.Lib", "Tyuiu.ZhirenbaevaII.Sprint0.Task4.V0.Lib\Tyuiu.ZhirenbaevaII.Sprint0.Task4.V0.Lib.csproj", "{18736C61-A269-4460-999B-44FFAC3943E0}"
EndProject
Project("{FAE04EC0-301F-11D3-BF4B-00C04F79EFBC}") = "Tyuiu.ZhirenbaevaII.Sprint0.Task4.V0.Test", "Tyuiu.ZhirenbaevaII.Sprint0.Task4.V0.Test\Tyuiu.ZhirenbaevaII.Sprint0.Task4.V0.Test.csproj", "{839A31E0-F09C-4A9C-9E55-ECB19C4C2DA2}"
EndProject
Global
	GlobalSection(SolutionConfigurationPlatforms) = preSolution
		Debug|Any CPU = Debug|Any CPU
		Release|Any CPU = Release|Any CPU
	EndGlobalSection
	GlobalSection(ProjectConfigurationPlatforms) = postSolution
		{F12F6E57-6712-4412-98BE-58D0BFC0193C}.Debug|Any CPU.ActiveCfg = Debug|Any CPU
		{F12F6E57-6712-4412-98BE-58D0BFC0193C}.Debug|Any CPU.Build.0 = Debug|Any CPU
		{F12F6E57-6712-4412-98BE-58D0BFC0193C}.Release|Any CPU.ActiveCfg = Release|Any CPU
		{F12F6E57-6712-4412-98BE-58D0BFC0193C}.Release|Any CPU.Build.0 = Release|Any CPU
		{EE308BC4-69AE-4515-9804-A78F1EBBF887}.Debug|Any CPU.ActiveCfg = Debug|Any CPU
		{EE308BC4-69AE-4515-9804-A78F1EBBF887}.Debug|Any CPU.Build.0 = Debug|Any CPU
		{EE308BC4-69AE-4515-9804-A78F1EBBF887}.Release|Any CPU.ActiveCfg = Release|Any CPU
		{EE308BC4-69AE-4515-9804-A78F1EBBF887}.Release|Any CPU.Build.0 = Release|Any CPU
		{0316851A-4B76-46A4-98D2-95FCAB237DC5}.Debug|Any CPU.ActiveCfg = Debug|Any CPU
		{0316851A-4B76-46A4-98D2-95FCAB237DC5}.Debug|Any CPU.Build.0 = Debug|Any CPU
		{0316851A-4B76-46A4-98D2-95FCAB237DC5}.Release|Any CPU.ActiveCfg = Release|Any CPU
		{0316851A-4B76-46A4-98D2-95FCAB237DC5}.Release|Any CPU.Build.0 = Release|Any CPU
		{922D479A-DC42-466C-B1A6-D4A1DDB97FCE}.Debug|Any CPU.ActiveCfg = Debug|Any CPU
		{922D479A-DC42-466C-B1A6-D4A1DDB97FCE}.Debug|Any CPU.Build.0 = Debug|Any CPU
		{922D479A-DC42-466C-B1A6-D4A1DDB97FCE}.Release|Any CPU.ActiveCfg = Release|Any CPU
		{922D479A-DC42-466C-B1A6-D4A1DDB97FCE}.Release|Any CPU.Build.0 = Release|Any CPU
		{985A6681-B208-45B6-ADBB-735B18802353}.Debug|Any CPU.ActiveCfg = Debug|Any CPU
		{985A6681-B208-45B6-ADBB-735B18802353}.Debug|Any CPU.Build.0 = Debug|Any CPU
		{985A6681-B208-45B6-ADBB-735B18802353}.Release|Any CPU.ActiveCfg = Release|Any CPU
		{985A6681-B208-45B6-ADBB-735B18802353}.Release|Any CPU.Build.0 = Release|Any CPU
		{60F3F29C-5327-42E5-8F28-D1E296DFD051}.Debug|Any CPU.ActiveCfg = Debug|Any CPU
		{60F3F29C-5327-42E5-8F28-D1E296DFD051}.Debug|Any CPU.Build.0 = Debug|Any CPU
		{60F3F29C-5327-42E5-8F28-D1E296DFD051}.Release|Any CPU.ActiveCfg = Release|Any CPU
		{60F3F29C-5327-42E5-8F28-D1E296DFD051}.Release|Any CPU.Build.0 = Release|Any CPU
		{306A4849-D8B1-4CFD-9F0D-BDFC2F2B60D3}.Debug|Any CPU.ActiveCfg = Debug|Any CPU
		{306A4849-D8B1-4CFD-9F0D-BDFC2F2B60D3}.Debug|Any CPU.Build.0 = Debug|Any CPU
		{306A4849-D8B1-4CFD-9F0D-BDFC2F2B60D3}.Release|Any CPU.ActiveCfg = Release|Any CPU
		{306A4849-D8B1-4CFD-9F0D-BDFC2F2B60D3}.Release|Any CPU.Build.0 = Release|Any CPU
		{E49BDEBA-7EF8-4523-B1D4-A5D21F4F9AA1}.Debug|Any CPU.ActiveCfg = Debug|Any CPU
		{E49BDEBA-7EF8-4523-B1D4-A5D21F4F9AA1}.Debug|Any CPU.Build.0 = Debug|Any CPU
		{E49BDEBA-7EF8-4523-B1D4-A5D21F4F9AA1}.Release|Any CPU.ActiveCfg = Release|Any CPU
		{E49BDEBA-7EF8-4523-B1D4-A5D21F4F9AA1}.Release|Any CPU.Build.0 = Release|Any CPU
		{D8C70F52-F0BF-4B09-B50A-94E540C2DC56}.Debug|Any CPU.ActiveCfg = Debug|Any CPU
		{D8C70F52-F0BF-4B09-B50A-94E540C2DC56}.Debug|Any CPU.Build.0 = Debug|Any CPU
		{D8C70F52-F0BF-4B09-B50A-94E540C2DC56}.Release|Any CPU.ActiveCfg = Release|Any CPU
		{D8C70F52-F0BF-4B09-B50A-94E540C2DC56}.Release|Any CPU.Build.0 = Release|Any CPU
		{18736C61-A269-4460-999B-44FFAC3943E0}.Debug|Any CPU.ActiveCfg = Debug|Any CPU
		{18736C61-A269-4460-999B-44FFAC3943E0}.Debug|Any CPU.Build.0 = Debug|Any CPU
		{18736C61-A269-4460-999B-44FFAC3943E0}.Release|Any CPU.ActiveCfg = Release|Any CPU
		{18736C61-A269-4460-999B-44FFAC3943E0}.Release|Any CPU.Build.0 = Release|Any CPU
		{839A31E0-F09C-4A9C-9E55-ECB19C4C2DA2}.Debug|Any CPU.ActiveCfg = Debug|Any CPU
		{839A31E0-F09C-4A9C-9E55-ECB19C4C2DA2}.Debug|Any CPU.Build.0 = Debug|Any CPU
		{839A31E0-F09C-4A9C-9E55-ECB19C4C2DA2}.Release|Any CPU.ActiveCfg = Release|Any CPU
		{839A31E0-F09C-4A9C-9E55-ECB19C4C2DA2}.Release|Any CPU.Build.0 = Release|Any CPU
	EndGlobalSection
	GlobalSection(SolutionProperties) = preSolution
		HideSolutionNode = FALSE
	EndGlobalSection
	GlobalSection(NestedProjects) = preSolution
		{F12F6E57-6712-4412-98BE-58D0BFC0193C} = {B0542134-1AC2-400D-A8C4-5D8D650FDE10}
		{EE308BC4-69AE-4515-9804-A78F1EBBF887} = {C2C69192-25D6-4766-A693-273F4BC05A4B}
		{0316851A-4B76-46A4-98D2-95FCAB237DC5} = {CDCB703A-18CA-49D0-812B-A22335C5B91D}
		{922D479A-DC42-466C-B1A6-D4A1DDB97FCE} = {CDCB703A-18CA-49D0-812B-A22335C5B91D}
		{985A6681-B208-45B6-ADBB-735B18802353} = {CDCB703A-18CA-49D0-812B-A22335C5B91D}
		{60F3F29C-5327-42E5-8F28-D1E296DFD051} = {03D95E04-EA4B-4E46-8744-E7BB950FFA2C}
		{306A4849-D8B1-4CFD-9F0D-BDFC2F2B60D3} = {03D95E04-EA4B-4E46-8744-E7BB950FFA2C}
		{E49BDEBA-7EF8-4523-B1D4-A5D21F4F9AA1} = {03D95E04-EA4B-4E46-8744-E7BB950FFA2C}
		{D8C70F52-F0BF-4B09-B50A-94E540C2DC56} = {9FD2DE40-BCC7-4013-842B-ED894FAA4588}
		{18736C61-A269-4460-999B-44FFAC3943E0} = {9FD2DE40-BCC7-4013-842B-ED894FAA4588}
		{839A31E0-F09C-4A9C-9E55-ECB19C4C2DA2} = {9FD2DE40-BCC7-4013-842B-ED894FAA4588}
	EndGlobalSection
	GlobalSection(ExtensibilityGlobals) = postSolution
		SolutionGuid = {E5EC92E1-C50C-43F7-9BF6-3DFB25CCBEE3}
	EndGlobalSection
EndGlobal
